
Microsoft Visual Studio Solution File, Format Version 12.00
# Visual Studio Version 17
VisualStudioVersion = 17.5.33516.290
MinimumVisualStudioVersion = 10.0.40219.1
Project("{FAE04EC0-301F-11D3-BF4B-00C04F79EFBC}") = "LightBulb", "Test\LightBulb.csproj", "{5B594178-762A-4ED4-B3EF-A2B821DAD3DB}"
EndProject
Project("{FAE04EC0-301F-11D3-BF4B-00C04F79EFBC}") = "LightBulbTest", "LightBulbTest\LightBulbTest.csproj", "{4445C5CD-38A8-41FF-A1F3-E4050CADBFAA}"
EndProject
Global
	GlobalSection(SolutionConfigurationPlatforms) = preSolution
		Debug|Any CPU = Debug|Any CPU
		Release|Any CPU = Release|Any CPU
	EndGlobalSection
	GlobalSection(ProjectConfigurationPlatforms) = postSolution
		{5B594178-762A-4ED4-B3EF-A2B821DAD3DB}.Debug|Any CPU.ActiveCfg = Debug|Any CPU
		{5B594178-762A-4ED4-B3EF-A2B821DAD3DB}.Debug|Any CPU.Build.0 = Debug|Any CPU
		{5B594178-762A-4ED4-B3EF-A2B821DAD3DB}.Release|Any CPU.ActiveCfg = Release|Any CPU
		{5B594178-762A-4ED4-B3EF-A2B821DAD3DB}.Release|Any CPU.Build.0 = Release|Any CPU
		{4445C5CD-38A8-41FF-A1F3-E4050CADBFAA}.Debug|Any CPU.ActiveCfg = Debug|Any CPU
		{4445C5CD-38A8-41FF-A1F3-E4050CADBFAA}.Debug|Any CPU.Build.0 = Debug|Any CPU
		{4445C5CD-38A8-41FF-A1F3-E4050CADBFAA}.Release|Any CPU.ActiveCfg = Release|Any CPU
		{4445C5CD-38A8-41FF-A1F3-E4050CADBFAA}.Release|Any CPU.Build.0 = Release|Any CPU
	EndGlobalSection
	GlobalSection(SolutionProperties) = preSolution
		HideSolutionNode = FALSE
	EndGlobalSection
	GlobalSection(ExtensibilityGlobals) = postSolution
		SolutionGuid = {7065F805-D5FA-49D4-A29E-8A6D8576CE2B}
	EndGlobalSection
EndGlobal
